Microsoft Visual Studio Solution File, Format Version 12.00
# Visual Studio 2012
Project("{00D1A9C2-B5F0-4AF3-8072-F6C62B433612}") = "Malldub.Database", "Malldub.Database\Malldub.Database.sqlproj", "{F4366115-7449-47C2-9C3A-8E7CE259F77F}"
EndProject
Project("{2150E333-8FDC-42A3-9474-1A3956D46DE8}") = "Tests", "Tests", "{7C92615E-E944-48D7-A202-B9CC1C5F2143}"
EndProject
Project("{2150E333-8FDC-42A3-9474-1A3956D46DE8}") = "Data", "Data", "{82EF57E4-8FCB-4E41-89F0-57ACB75CA383}"
EndProject
Project("{2150E333-8FDC-42A3-9474-1A3956D46DE8}") = "Api", "Api", "{2BC3783F-C8BC-4E50-AD4A-5BD6F3FC5723}"
EndProject
Project("{FAE04EC0-301F-11D3-BF4B-00C04F79EFBC}") = "Marasco.WebApi.Helper", "Malldub.WebApi.Helper\Marasco.WebApi.Helper.csproj", "{95C4A815-4BCE-4419-B809-38761BE81AB9}"
EndProject
Project("{FAE04EC0-301F-11D3-BF4B-00C04F79EFBC}") = "Malldub.Data", "Malldub.Data\Malldub.Data.csproj", "{AC9F3584-3715-4C01-A09D-A5023DBC75EE}"
EndProject
Project("{2150E333-8FDC-42A3-9474-1A3956D46DE8}") = "Utilities", "Utilities", "{2013131D-7545-4968-8D3A-4DF3AD0459E8}"
EndProject
Project("{2150E333-8FDC-42A3-9474-1A3956D46DE8}") = "UI", "UI", "{4006665D-DE15-48C1-9587-F3F23D80DEC1}"
EndProject
Project("{FAE04EC0-301F-11D3-BF4B-00C04F79EFBC}") = "Malldub.Helper", "Malldub.Helper\Malldub.Helper.csproj", "{05D0C6BB-EE12-4A87-B165-9ABEB04A1E60}"
EndProject
Project("{2150E333-8FDC-42A3-9474-1A3956D46DE8}") = "ThirdParty", "ThirdParty", "{C936CA70-6FE3-46B4-9271-7F83A700298F}"
EndProject
Project("{FAE04EC0-301F-11D3-BF4B-00C04F79EFBC}") = "Marasco.Azure", "Marasco.Azure\Marasco.Azure.csproj", "{758C8E56-08E6-4BB7-895F-E7428DBF07E0}"
EndProject
Project("{2150E333-8FDC-42A3-9474-1A3956D46DE8}") = "Todo", "Todo", "{36E5BA97-BEEF-4D42-9716-C80A66C742B0}"
	ProjectSection(SolutionItems) = preProject
		Certificate.txt = Certificate.txt
	EndProjectSection
EndProject
Project("{FAE04EC0-301F-11D3-BF4B-00C04F79EFBC}") = "Marasco.WePay", "Marasco.WePay\Marasco.WePay.csproj", "{AD6F8217-7A0E-4560-AC81-AA867D040DDA}"
EndProject
Project("{FAE04EC0-301F-11D3-BF4B-00C04F79EFBC}") = "Malldub.Data.WebApi", "Malldub.Data.WebApi\Malldub.Data.WebApi.csproj", "{102E2535-1FED-412C-B341-1A8F2242AAE6}"
EndProject
Project("{2150E333-8FDC-42A3-9474-1A3956D46DE8}") = ".nuget", ".nuget", "{01CCC335-05A6-4D5D-BAC4-EBB3F842306B}"
	ProjectSection(SolutionItems) = preProject
		.nuget\packages.config = .nuget\packages.config
	EndProjectSection
EndProject
Project("{FAE04EC0-301F-11D3-BF4B-00C04F79EFBC}") = "Mandrill.Tests", "Mandrill.Tests\Mandrill.Tests.csproj", "{0675EF0D-79F9-473A-ABF4-B2F1B22843C9}"
EndProject
Project("{FAE04EC0-301F-11D3-BF4B-00C04F79EFBC}") = "Mandrill", "Mandrill\Mandrill.csproj", "{0563EE3C-A65E-4D55-9302-7663C0FE77F7}"
EndProject
Project("{FAE04EC0-301F-11D3-BF4B-00C04F79EFBC}") = "Marasco.MallDub.Admin.Web.UI", "Malldub.Admin.Website\Marasco.MallDub.Admin.Web.UI.csproj", "{512D9A79-46E5-4148-9B63-445017031170}"
EndProject
Project("{FAE04EC0-301F-11D3-BF4B-00C04F79EFBC}") = "Marasco.Website", "Marasco.Website\Marasco.Website.csproj", "{3A3C4D4A-1B77-4F4A-A1DB-364F9D1D1EBC}"
EndProject
Project("{2150E333-8FDC-42A3-9474-1A3956D46DE8}") = "Solution Items", "Solution Items", "{10EB38AC-09CF-43C9-8E5D-13974FF386CD}"
	ProjectSection(SolutionItems) = preProject
		Malldub.Data\packages.config = Malldub.Data\packages.config
		WE-Markdown.css = WE-Markdown.css
		..\..\..\..\Users\david\AppData\Local\Microsoft\VisualStudio\11.0\Extensions\wooazord.fcf\schemas\WE-Palette.css = ..\..\..\..\Users\david\AppData\Local\Microsoft\VisualStudio\11.0\Extensions\wooazord.fcf\schemas\WE-Palette.css
		WE-settings.xml = WE-settings.xml
		WebEssentials-Settings.json = WebEssentials-Settings.json
	EndProjectSection
EndProject
Project("{2150E333-8FDC-42A3-9474-1A3956D46DE8}") = "Domain", "Domain", "{39D38442-264D-4208-97AB-A0D1CE7FD674}"
EndProject
Project("{FAE04EC0-301F-11D3-BF4B-00C04F79EFBC}") = "Marasco.Domain", "Marasco.Domain\Marasco.Domain.csproj", "{55BED9BA-857C-46DD-AB19-3E70D7B4FD91}"
EndProject
Project("{FAE04EC0-301F-11D3-BF4B-00C04F79EFBC}") = "Marasco.FundingMiracles.Web.UI", "Marasco.FundingMiracles.Web.UI\Marasco.FundingMiracles.Web.UI.csproj", "{2DB88E60-5B2A-42C6-B98E-90E3B94CE265}"
EndProject
Project("{FAE04EC0-301F-11D3-BF4B-00C04F79EFBC}") = "Marasco.FundingMiracles.Web.UI.Tests", "Marasco.FundingMiracles.Web.UI.Tests\Marasco.FundingMiracles.Web.UI.Tests.csproj", "{2F16B0A4-69D7-41EF-B047-CBB717D3D8E4}"
EndProject
Project("{FAE04EC0-301F-11D3-BF4B-00C04F79EFBC}") = "Marasco.MailChimp.V2", "Marasco.MailChimp.V2\Marasco.MailChimp.V2.csproj", "{BB2875C6-2658-4687-921C-BFB5A1EEC37D}"
EndProject
Project("{FAE04EC0-301F-11D3-BF4B-00C04F79EFBC}") = "Marasco.Analytics.V2", "Marasco.Analytics.V2\Marasco.Analytics.V2.csproj", "{137F1270-E845-4F0C-8083-1775EFB4F6F8}"
EndProject
Project("{FAE04EC0-301F-11D3-BF4B-00C04F79EFBC}") = "Marasco.FacebookApi.V2", "Marasco.FacebookApi.V2\Marasco.FacebookApi.V2.csproj", "{74DF617E-64EF-4B42-BDF8-BCC625EF3D94}"
EndProject
Project("{FAE04EC0-301F-11D3-BF4B-00C04F79EFBC}") = "Marasco.TwitterApi.V2", "Marasco.TwitterApi.V2\Marasco.TwitterApi.V2.csproj", "{50F50E9E-2B36-4E98-A60A-6F68172F3592}"
EndProject
Project("{FAE04EC0-301F-11D3-BF4B-00C04F79EFBC}") = "Marasco.Api.V2", "Marasco.Api.V2\Marasco.Api.V2.csproj", "{71E933FB-1E9B-4AAC-BFEF-B80BADCA4C94}"
EndProject
Project("{FAE04EC0-301F-11D3-BF4B-00C04F79EFBC}") = "Marasco.FundingMiracles.Web.UI.V2", "Marasco.FundingMiracles.Web.UI.V2\Marasco.FundingMiracles.Web.UI.V2.csproj", "{A26B381A-7ABE-4957-8871-5685B410A4E9}"
EndProject
Global
	GlobalSection(SolutionConfigurationPlatforms) = preSolution
		Debug|Any CPU = Debug|Any CPU
		DebugRelease|Any CPU = DebugRelease|Any CPU
		Release|Any CPU = Release|Any CPU
		Staging|Any CPU = Staging|Any CPU
	EndGlobalSection
	GlobalSection(ProjectConfigurationPlatforms) = postSolution
		{F4366115-7449-47C2-9C3A-8E7CE259F77F}.Debug|Any CPU.ActiveCfg = Debug|Any CPU
		{F4366115-7449-47C2-9C3A-8E7CE259F77F}.Debug|Any CPU.Build.0 = Debug|Any CPU
		{F4366115-7449-47C2-9C3A-8E7CE259F77F}.DebugRelease|Any CPU.ActiveCfg = DebugRelease|Any CPU
		{F4366115-7449-47C2-9C3A-8E7CE259F77F}.DebugRelease|Any CPU.Build.0 = DebugRelease|Any CPU
		{F4366115-7449-47C2-9C3A-8E7CE259F77F}.DebugRelease|Any CPU.Deploy.0 = DebugRelease|Any CPU
		{F4366115-7449-47C2-9C3A-8E7CE259F77F}.Release|Any CPU.ActiveCfg = Release|Any CPU
		{F4366115-7449-47C2-9C3A-8E7CE259F77F}.Release|Any CPU.Build.0 = Release|Any CPU
		{F4366115-7449-47C2-9C3A-8E7CE259F77F}.Release|Any CPU.Deploy.0 = Release|Any CPU
		{F4366115-7449-47C2-9C3A-8E7CE259F77F}.Staging|Any CPU.ActiveCfg = Staging|Any CPU
		{F4366115-7449-47C2-9C3A-8E7CE259F77F}.Staging|Any CPU.Build.0 = Staging|Any CPU
		{F4366115-7449-47C2-9C3A-8E7CE259F77F}.Staging|Any CPU.Deploy.0 = Staging|Any CPU
		{95C4A815-4BCE-4419-B809-38761BE81AB9}.Debug|Any CPU.ActiveCfg = Debug|Any CPU
		{95C4A815-4BCE-4419-B809-38761BE81AB9}.Debug|Any CPU.Build.0 = Debug|Any CPU
		{95C4A815-4BCE-4419-B809-38761BE81AB9}.DebugRelease|Any CPU.ActiveCfg = DebugRelease|Any CPU
		{95C4A815-4BCE-4419-B809-38761BE81AB9}.DebugRelease|Any CPU.Build.0 = DebugRelease|Any CPU
		{95C4A815-4BCE-4419-B809-38761BE81AB9}.Release|Any CPU.ActiveCfg = Release|Any CPU
		{95C4A815-4BCE-4419-B809-38761BE81AB9}.Release|Any CPU.Build.0 = Release|Any CPU
		{95C4A815-4BCE-4419-B809-38761BE81AB9}.Staging|Any CPU.ActiveCfg = Staging|Any CPU
		{95C4A815-4BCE-4419-B809-38761BE81AB9}.Staging|Any CPU.Build.0 = Staging|Any CPU
		{AC9F3584-3715-4C01-A09D-A5023DBC75EE}.Debug|Any CPU.ActiveCfg = Debug|Any CPU
		{AC9F3584-3715-4C01-A09D-A5023DBC75EE}.Debug|Any CPU.Build.0 = Debug|Any CPU
		{AC9F3584-3715-4C01-A09D-A5023DBC75EE}.DebugRelease|Any CPU.ActiveCfg = DebugRelease|Any CPU
		{AC9F3584-3715-4C01-A09D-A5023DBC75EE}.DebugRelease|Any CPU.Build.0 = DebugRelease|Any CPU
		{AC9F3584-3715-4C01-A09D-A5023DBC75EE}.Release|Any CPU.ActiveCfg = Release|Any CPU
		{AC9F3584-3715-4C01-A09D-A5023DBC75EE}.Release|Any CPU.Build.0 = Release|Any CPU
		{AC9F3584-3715-4C01-A09D-A5023DBC75EE}.Staging|Any CPU.ActiveCfg = Staging|Any CPU
		{AC9F3584-3715-4C01-A09D-A5023DBC75EE}.Staging|Any CPU.Build.0 = Staging|Any CPU
		{05D0C6BB-EE12-4A87-B165-9ABEB04A1E60}.Debug|Any CPU.ActiveCfg = Debug|Any CPU
		{05D0C6BB-EE12-4A87-B165-9ABEB04A1E60}.Debug|Any CPU.Build.0 = Debug|Any CPU
		{05D0C6BB-EE12-4A87-B165-9ABEB04A1E60}.DebugRelease|Any CPU.ActiveCfg = DebugRelease|Any CPU
		{05D0C6BB-EE12-4A87-B165-9ABEB04A1E60}.DebugRelease|Any CPU.Build.0 = DebugRelease|Any CPU
		{05D0C6BB-EE12-4A87-B165-9ABEB04A1E60}.Release|Any CPU.ActiveCfg = Release|Any CPU
		{05D0C6BB-EE12-4A87-B165-9ABEB04A1E60}.Release|Any CPU.Build.0 = Release|Any CPU
		{05D0C6BB-EE12-4A87-B165-9ABEB04A1E60}.Staging|Any CPU.ActiveCfg = Staging|Any CPU
		{05D0C6BB-EE12-4A87-B165-9ABEB04A1E60}.Staging|Any CPU.Build.0 = Staging|Any CPU
		{758C8E56-08E6-4BB7-895F-E7428DBF07E0}.Debug|Any CPU.ActiveCfg = Debug|Any CPU
		{758C8E56-08E6-4BB7-895F-E7428DBF07E0}.Debug|Any CPU.Build.0 = Debug|Any CPU
		{758C8E56-08E6-4BB7-895F-E7428DBF07E0}.DebugRelease|Any CPU.ActiveCfg = DebugRelease|Any CPU
		{758C8E56-08E6-4BB7-895F-E7428DBF07E0}.DebugRelease|Any CPU.Build.0 = DebugRelease|Any CPU
		{758C8E56-08E6-4BB7-895F-E7428DBF07E0}.Release|Any CPU.ActiveCfg = Release|Any CPU
		{758C8E56-08E6-4BB7-895F-E7428DBF07E0}.Release|Any CPU.Build.0 = Release|Any CPU
		{758C8E56-08E6-4BB7-895F-E7428DBF07E0}.Staging|Any CPU.ActiveCfg = Staging|Any CPU
		{758C8E56-08E6-4BB7-895F-E7428DBF07E0}.Staging|Any CPU.Build.0 = Staging|Any CPU
		{AD6F8217-7A0E-4560-AC81-AA867D040DDA}.Debug|Any CPU.ActiveCfg = Debug|Any CPU
		{AD6F8217-7A0E-4560-AC81-AA867D040DDA}.Debug|Any CPU.Build.0 = Debug|Any CPU
		{AD6F8217-7A0E-4560-AC81-AA867D040DDA}.DebugRelease|Any CPU.ActiveCfg = DebugRelease|Any CPU
		{AD6F8217-7A0E-4560-AC81-AA867D040DDA}.DebugRelease|Any CPU.Build.0 = DebugRelease|Any CPU
		{AD6F8217-7A0E-4560-AC81-AA867D040DDA}.Release|Any CPU.ActiveCfg = Release|Any CPU
		{AD6F8217-7A0E-4560-AC81-AA867D040DDA}.Release|Any CPU.Build.0 = Release|Any CPU
		{AD6F8217-7A0E-4560-AC81-AA867D040DDA}.Staging|Any CPU.ActiveCfg = Staging|Any CPU
		{AD6F8217-7A0E-4560-AC81-AA867D040DDA}.Staging|Any CPU.Build.0 = Staging|Any CPU
		{102E2535-1FED-412C-B341-1A8F2242AAE6}.Debug|Any CPU.ActiveCfg = Debug|Any CPU
		{102E2535-1FED-412C-B341-1A8F2242AAE6}.Debug|Any CPU.Build.0 = Debug|Any CPU
		{102E2535-1FED-412C-B341-1A8F2242AAE6}.DebugRelease|Any CPU.ActiveCfg = DebugRelease|Any CPU
		{102E2535-1FED-412C-B341-1A8F2242AAE6}.DebugRelease|Any CPU.Build.0 = DebugRelease|Any CPU
		{102E2535-1FED-412C-B341-1A8F2242AAE6}.Release|Any CPU.ActiveCfg = Release|Any CPU
		{102E2535-1FED-412C-B341-1A8F2242AAE6}.Release|Any CPU.Build.0 = Release|Any CPU
		{102E2535-1FED-412C-B341-1A8F2242AAE6}.Staging|Any CPU.ActiveCfg = Staging|Any CPU
		{102E2535-1FED-412C-B341-1A8F2242AAE6}.Staging|Any CPU.Build.0 = Staging|Any CPU
		{0675EF0D-79F9-473A-ABF4-B2F1B22843C9}.Debug|Any CPU.ActiveCfg = Debug|Any CPU
		{0675EF0D-79F9-473A-ABF4-B2F1B22843C9}.Debug|Any CPU.Build.0 = Debug|Any CPU
		{0675EF0D-79F9-473A-ABF4-B2F1B22843C9}.DebugRelease|Any CPU.ActiveCfg = DebugRelease|Any CPU
		{0675EF0D-79F9-473A-ABF4-B2F1B22843C9}.DebugRelease|Any CPU.Build.0 = DebugRelease|Any CPU
		{0675EF0D-79F9-473A-ABF4-B2F1B22843C9}.Release|Any CPU.ActiveCfg = Release|Any CPU
		{0675EF0D-79F9-473A-ABF4-B2F1B22843C9}.Release|Any CPU.Build.0 = Release|Any CPU
		{0675EF0D-79F9-473A-ABF4-B2F1B22843C9}.Staging|Any CPU.ActiveCfg = Staging|Any CPU
		{0675EF0D-79F9-473A-ABF4-B2F1B22843C9}.Staging|Any CPU.Build.0 = Staging|Any CPU
		{0563EE3C-A65E-4D55-9302-7663C0FE77F7}.Debug|Any CPU.ActiveCfg = Debug|Any CPU
		{0563EE3C-A65E-4D55-9302-7663C0FE77F7}.Debug|Any CPU.Build.0 = Debug|Any CPU
		{0563EE3C-A65E-4D55-9302-7663C0FE77F7}.DebugRelease|Any CPU.ActiveCfg = DebugRelease|Any CPU
		{0563EE3C-A65E-4D55-9302-7663C0FE77F7}.DebugRelease|Any CPU.Build.0 = DebugRelease|Any CPU
		{0563EE3C-A65E-4D55-9302-7663C0FE77F7}.Release|Any CPU.ActiveCfg = Release|Any CPU
		{0563EE3C-A65E-4D55-9302-7663C0FE77F7}.Release|Any CPU.Build.0 = Release|Any CPU
		{0563EE3C-A65E-4D55-9302-7663C0FE77F7}.Staging|Any CPU.ActiveCfg = Staging|Any CPU
		{0563EE3C-A65E-4D55-9302-7663C0FE77F7}.Staging|Any CPU.Build.0 = Staging|Any CPU
		{512D9A79-46E5-4148-9B63-445017031170}.Debug|Any CPU.ActiveCfg = Debug|Any CPU
		{512D9A79-46E5-4148-9B63-445017031170}.Debug|Any CPU.Build.0 = Debug|Any CPU
		{512D9A79-46E5-4148-9B63-445017031170}.DebugRelease|Any CPU.ActiveCfg = DebugRelease|Any CPU
		{512D9A79-46E5-4148-9B63-445017031170}.DebugRelease|Any CPU.Build.0 = DebugRelease|Any CPU
		{512D9A79-46E5-4148-9B63-445017031170}.Release|Any CPU.ActiveCfg = Release|Any CPU
		{512D9A79-46E5-4148-9B63-445017031170}.Release|Any CPU.Build.0 = Release|Any CPU
		{512D9A79-46E5-4148-9B63-445017031170}.Staging|Any CPU.ActiveCfg = Staging|Any CPU
		{512D9A79-46E5-4148-9B63-445017031170}.Staging|Any CPU.Build.0 = Staging|Any CPU
		{3A3C4D4A-1B77-4F4A-A1DB-364F9D1D1EBC}.Debug|Any CPU.ActiveCfg = Debug|Any CPU
		{3A3C4D4A-1B77-4F4A-A1DB-364F9D1D1EBC}.Debug|Any CPU.Build.0 = Debug|Any CPU
		{3A3C4D4A-1B77-4F4A-A1DB-364F9D1D1EBC}.DebugRelease|Any CPU.ActiveCfg = DebugRelease|Any CPU
		{3A3C4D4A-1B77-4F4A-A1DB-364F9D1D1EBC}.DebugRelease|Any CPU.Build.0 = DebugRelease|Any CPU
		{3A3C4D4A-1B77-4F4A-A1DB-364F9D1D1EBC}.Release|Any CPU.ActiveCfg = Release|Any CPU
		{3A3C4D4A-1B77-4F4A-A1DB-364F9D1D1EBC}.Release|Any CPU.Build.0 = Release|Any CPU
		{3A3C4D4A-1B77-4F4A-A1DB-364F9D1D1EBC}.Staging|Any CPU.ActiveCfg = Staging|Any CPU
		{3A3C4D4A-1B77-4F4A-A1DB-364F9D1D1EBC}.Staging|Any CPU.Build.0 = Staging|Any CPU
		{55BED9BA-857C-46DD-AB19-3E70D7B4FD91}.Debug|Any CPU.ActiveCfg = Debug|Any CPU
		{55BED9BA-857C-46DD-AB19-3E70D7B4FD91}.Debug|Any CPU.Build.0 = Debug|Any CPU
		{55BED9BA-857C-46DD-AB19-3E70D7B4FD91}.DebugRelease|Any CPU.ActiveCfg = DebugRelease|Any CPU
		{55BED9BA-857C-46DD-AB19-3E70D7B4FD91}.DebugRelease|Any CPU.Build.0 = DebugRelease|Any CPU
		{55BED9BA-857C-46DD-AB19-3E70D7B4FD91}.Release|Any CPU.ActiveCfg = Release|Any CPU
		{55BED9BA-857C-46DD-AB19-3E70D7B4FD91}.Release|Any CPU.Build.0 = Release|Any CPU
		{55BED9BA-857C-46DD-AB19-3E70D7B4FD91}.Staging|Any CPU.ActiveCfg = Release|Any CPU
		{55BED9BA-857C-46DD-AB19-3E70D7B4FD91}.Staging|Any CPU.Build.0 = Release|Any CPU
		{2DB88E60-5B2A-42C6-B98E-90E3B94CE265}.Debug|Any CPU.ActiveCfg = Debug|Any CPU
		{2DB88E60-5B2A-42C6-B98E-90E3B94CE265}.Debug|Any CPU.Build.0 = Debug|Any CPU
		{2DB88E60-5B2A-42C6-B98E-90E3B94CE265}.DebugRelease|Any CPU.ActiveCfg = DebugRelease|Any CPU
		{2DB88E60-5B2A-42C6-B98E-90E3B94CE265}.DebugRelease|Any CPU.Build.0 = DebugRelease|Any CPU
		{2DB88E60-5B2A-42C6-B98E-90E3B94CE265}.Release|Any CPU.ActiveCfg = Release|Any CPU
		{2DB88E60-5B2A-42C6-B98E-90E3B94CE265}.Release|Any CPU.Build.0 = Release|Any CPU
		{2DB88E60-5B2A-42C6-B98E-90E3B94CE265}.Staging|Any CPU.ActiveCfg = Staging|Any CPU
		{2DB88E60-5B2A-42C6-B98E-90E3B94CE265}.Staging|Any CPU.Build.0 = Staging|Any CPU
		{2F16B0A4-69D7-41EF-B047-CBB717D3D8E4}.Debug|Any CPU.ActiveCfg = Debug|Any CPU
		{2F16B0A4-69D7-41EF-B047-CBB717D3D8E4}.Debug|Any CPU.Build.0 = Debug|Any CPU
		{2F16B0A4-69D7-41EF-B047-CBB717D3D8E4}.DebugRelease|Any CPU.ActiveCfg = DebugRelease|Any CPU
		{2F16B0A4-69D7-41EF-B047-CBB717D3D8E4}.DebugRelease|Any CPU.Build.0 = DebugRelease|Any CPU
		{2F16B0A4-69D7-41EF-B047-CBB717D3D8E4}.Release|Any CPU.ActiveCfg = Release|Any CPU
		{2F16B0A4-69D7-41EF-B047-CBB717D3D8E4}.Release|Any CPU.Build.0 = Release|Any CPU
		{2F16B0A4-69D7-41EF-B047-CBB717D3D8E4}.Staging|Any CPU.ActiveCfg = Staging|Any CPU
		{2F16B0A4-69D7-41EF-B047-CBB717D3D8E4}.Staging|Any CPU.Build.0 = Staging|Any CPU
		{BB2875C6-2658-4687-921C-BFB5A1EEC37D}.Debug|Any CPU.ActiveCfg = Debug|Any CPU
		{BB2875C6-2658-4687-921C-BFB5A1EEC37D}.Debug|Any CPU.Build.0 = Debug|Any CPU
		{BB2875C6-2658-4687-921C-BFB5A1EEC37D}.DebugRelease|Any CPU.ActiveCfg = Release|Any CPU
		{BB2875C6-2658-4687-921C-BFB5A1EEC37D}.DebugRelease|Any CPU.Build.0 = Release|Any CPU
		{BB2875C6-2658-4687-921C-BFB5A1EEC37D}.Release|Any CPU.ActiveCfg = Release|Any CPU
		{BB2875C6-2658-4687-921C-BFB5A1EEC37D}.Release|Any CPU.Build.0 = Release|Any CPU
		{BB2875C6-2658-4687-921C-BFB5A1EEC37D}.Staging|Any CPU.ActiveCfg = Release|Any CPU
		{BB2875C6-2658-4687-921C-BFB5A1EEC37D}.Staging|Any CPU.Build.0 = Release|Any CPU
		{137F1270-E845-4F0C-8083-1775EFB4F6F8}.Debug|Any CPU.ActiveCfg = Debug|Any CPU
		{137F1270-E845-4F0C-8083-1775EFB4F6F8}.Debug|Any CPU.Build.0 = Debug|Any CPU
		{137F1270-E845-4F0C-8083-1775EFB4F6F8}.DebugRelease|Any CPU.ActiveCfg = Release|Any CPU
		{137F1270-E845-4F0C-8083-1775EFB4F6F8}.DebugRelease|Any CPU.Build.0 = Release|Any CPU
		{137F1270-E845-4F0C-8083-1775EFB4F6F8}.Release|Any CPU.ActiveCfg = Release|Any CPU
		{137F1270-E845-4F0C-8083-1775EFB4F6F8}.Release|Any CPU.Build.0 = Release|Any CPU
		{137F1270-E845-4F0C-8083-1775EFB4F6F8}.Staging|Any CPU.ActiveCfg = Release|Any CPU
		{137F1270-E845-4F0C-8083-1775EFB4F6F8}.Staging|Any CPU.Build.0 = Release|Any CPU
		{74DF617E-64EF-4B42-BDF8-BCC625EF3D94}.Debug|Any CPU.ActiveCfg = Debug|Any CPU
		{74DF617E-64EF-4B42-BDF8-BCC625EF3D94}.Debug|Any CPU.Build.0 = Debug|Any CPU
		{74DF617E-64EF-4B42-BDF8-BCC625EF3D94}.DebugRelease|Any CPU.ActiveCfg = Release|Any CPU
		{74DF617E-64EF-4B42-BDF8-BCC625EF3D94}.DebugRelease|Any CPU.Build.0 = Release|Any CPU
		{74DF617E-64EF-4B42-BDF8-BCC625EF3D94}.Release|Any CPU.ActiveCfg = Release|Any CPU
		{74DF617E-64EF-4B42-BDF8-BCC625EF3D94}.Release|Any CPU.Build.0 = Release|Any CPU
		{74DF617E-64EF-4B42-BDF8-BCC625EF3D94}.Staging|Any CPU.ActiveCfg = Release|Any CPU
		{74DF617E-64EF-4B42-BDF8-BCC625EF3D94}.Staging|Any CPU.Build.0 = Release|Any CPU
		{50F50E9E-2B36-4E98-A60A-6F68172F3592}.Debug|Any CPU.ActiveCfg = Debug|Any CPU
		{50F50E9E-2B36-4E98-A60A-6F68172F3592}.Debug|Any CPU.Build.0 = Debug|Any CPU
		{50F50E9E-2B36-4E98-A60A-6F68172F3592}.DebugRelease|Any CPU.ActiveCfg = Release|Any CPU
		{50F50E9E-2B36-4E98-A60A-6F68172F3592}.DebugRelease|Any CPU.Build.0 = Release|Any CPU
		{50F50E9E-2B36-4E98-A60A-6F68172F3592}.Release|Any CPU.ActiveCfg = Release|Any CPU
		{50F50E9E-2B36-4E98-A60A-6F68172F3592}.Release|Any CPU.Build.0 = Release|Any CPU
		{50F50E9E-2B36-4E98-A60A-6F68172F3592}.Staging|Any CPU.ActiveCfg = Release|Any CPU
		{50F50E9E-2B36-4E98-A60A-6F68172F3592}.Staging|Any CPU.Build.0 = Release|Any CPU
		{71E933FB-1E9B-4AAC-BFEF-B80BADCA4C94}.Debug|Any CPU.ActiveCfg = Debug|Any CPU
		{71E933FB-1E9B-4AAC-BFEF-B80BADCA4C94}.Debug|Any CPU.Build.0 = Debug|Any CPU
		{71E933FB-1E9B-4AAC-BFEF-B80BADCA4C94}.DebugRelease|Any CPU.ActiveCfg = Release|Any CPU
		{71E933FB-1E9B-4AAC-BFEF-B80BADCA4C94}.DebugRelease|Any CPU.Build.0 = Release|Any CPU
		{71E933FB-1E9B-4AAC-BFEF-B80BADCA4C94}.Release|Any CPU.ActiveCfg = Release|Any CPU
		{71E933FB-1E9B-4AAC-BFEF-B80BADCA4C94}.Release|Any CPU.Build.0 = Release|Any CPU
		{71E933FB-1E9B-4AAC-BFEF-B80BADCA4C94}.Staging|Any CPU.ActiveCfg = Release|Any CPU
		{71E933FB-1E9B-4AAC-BFEF-B80BADCA4C94}.Staging|Any CPU.Build.0 = Release|Any CPU
		{A26B381A-7ABE-4957-8871-5685B410A4E9}.Debug|Any CPU.ActiveCfg = Debug|Any CPU
		{A26B381A-7ABE-4957-8871-5685B410A4E9}.Debug|Any CPU.Build.0 = Debug|Any CPU
		{A26B381A-7ABE-4957-8871-5685B410A4E9}.DebugRelease|Any CPU.ActiveCfg = Release|Any CPU
		{A26B381A-7ABE-4957-8871-5685B410A4E9}.DebugRelease|Any CPU.Build.0 = Release|Any CPU
		{A26B381A-7ABE-4957-8871-5685B410A4E9}.Release|Any CPU.ActiveCfg = Release|Any CPU
		{A26B381A-7ABE-4957-8871-5685B410A4E9}.Release|Any CPU.Build.0 = Release|Any CPU
		{A26B381A-7ABE-4957-8871-5685B410A4E9}.Staging|Any CPU.ActiveCfg = Release|Any CPU
		{A26B381A-7ABE-4957-8871-5685B410A4E9}.Staging|Any CPU.Build.0 = Release|Any CPU
	EndGlobalSection
	GlobalSection(SolutionProperties) = preSolution
		HideSolutionNode = FALSE
	EndGlobalSection
	GlobalSection(NestedProjects) = preSolution
		{F4366115-7449-47C2-9C3A-8E7CE259F77F} = {82EF57E4-8FCB-4E41-89F0-57ACB75CA383}
		{AC9F3584-3715-4C01-A09D-A5023DBC75EE} = {82EF57E4-8FCB-4E41-89F0-57ACB75CA383}
		{2F16B0A4-69D7-41EF-B047-CBB717D3D8E4} = {7C92615E-E944-48D7-A202-B9CC1C5F2143}
		{102E2535-1FED-412C-B341-1A8F2242AAE6} = {2BC3783F-C8BC-4E50-AD4A-5BD6F3FC5723}
		{95C4A815-4BCE-4419-B809-38761BE81AB9} = {2013131D-7545-4968-8D3A-4DF3AD0459E8}
		{05D0C6BB-EE12-4A87-B165-9ABEB04A1E60} = {2013131D-7545-4968-8D3A-4DF3AD0459E8}
		{512D9A79-46E5-4148-9B63-445017031170} = {4006665D-DE15-48C1-9587-F3F23D80DEC1}
		{3A3C4D4A-1B77-4F4A-A1DB-364F9D1D1EBC} = {4006665D-DE15-48C1-9587-F3F23D80DEC1}
		{2DB88E60-5B2A-42C6-B98E-90E3B94CE265} = {4006665D-DE15-48C1-9587-F3F23D80DEC1}
		{A26B381A-7ABE-4957-8871-5685B410A4E9} = {4006665D-DE15-48C1-9587-F3F23D80DEC1}
		{758C8E56-08E6-4BB7-895F-E7428DBF07E0} = {C936CA70-6FE3-46B4-9271-7F83A700298F}
		{36E5BA97-BEEF-4D42-9716-C80A66C742B0} = {C936CA70-6FE3-46B4-9271-7F83A700298F}
		{AD6F8217-7A0E-4560-AC81-AA867D040DDA} = {C936CA70-6FE3-46B4-9271-7F83A700298F}
		{0675EF0D-79F9-473A-ABF4-B2F1B22843C9} = {C936CA70-6FE3-46B4-9271-7F83A700298F}
		{0563EE3C-A65E-4D55-9302-7663C0FE77F7} = {C936CA70-6FE3-46B4-9271-7F83A700298F}
		{BB2875C6-2658-4687-921C-BFB5A1EEC37D} = {C936CA70-6FE3-46B4-9271-7F83A700298F}
		{137F1270-E845-4F0C-8083-1775EFB4F6F8} = {C936CA70-6FE3-46B4-9271-7F83A700298F}
		{74DF617E-64EF-4B42-BDF8-BCC625EF3D94} = {C936CA70-6FE3-46B4-9271-7F83A700298F}
		{50F50E9E-2B36-4E98-A60A-6F68172F3592} = {C936CA70-6FE3-46B4-9271-7F83A700298F}
		{71E933FB-1E9B-4AAC-BFEF-B80BADCA4C94} = {C936CA70-6FE3-46B4-9271-7F83A700298F}
		{55BED9BA-857C-46DD-AB19-3E70D7B4FD91} = {39D38442-264D-4208-97AB-A0D1CE7FD674}
	EndGlobalSection
EndGlobal
